
Microsoft Visual Studio Solution File, Format Version 12.00
# Visual Studio Version 16
VisualStudioVersion = 16.0.29920.165
MinimumVisualStudioVersion = 10.0.40219.1
Project("{888888A0-9F3D-457C-B088-3A5042F75D52}") = "planet_wars", "planet_wars.pyproj", "{63449FF1-EEA9-4908-AA3B-51352EE21D96}"
EndProject
Global
	GlobalSection(SolutionConfigurationPlatforms) = preSolution
		Debug|Any CPU = Debug|Any CPU
		Release|Any CPU = Release|Any CPU
	EndGlobalSection
	GlobalSection(ProjectConfigurationPlatforms) = postSolution
		{63449FF1-EEA9-4908-AA3B-51352EE21D96}.Debug|Any CPU.ActiveCfg = Debug|Any CPU
		{63449FF1-EEA9-4908-AA3B-51352EE21D96}.Release|Any CPU.ActiveCfg = Release|Any CPU
	EndGlobalSection
	GlobalSection(SolutionProperties) = preSolution
		HideSolutionNode = FALSE
	EndGlobalSection
	GlobalSection(ExtensibilityGlobals) = postSolution
		SolutionGuid = {C1FF3A3D-413F-4C54-8C99-89A32E485D70}
	EndGlobalSection
EndGlobal
